
Microsoft Visual Studio Solution File, Format Version 12.00
# Visual Studio 15
VisualStudioVersion = 15.0.27703.2026
MinimumVisualStudioVersion = 10.0.40219.1
Project("{FAE04EC0-301F-11D3-BF4B-00C04F79EFBC}") = "MFramework.Services.HtmlHelpers", "MFramework.Services.HtmlHelpers\MFramework.Services.HtmlHelpers.csproj", "{CD029205-E1E5-4223-B0FC-253DE3B51168}"
EndProject
Global
	GlobalSection(SolutionConfigurationPlatforms) = preSolution
		Debug|Any CPU = Debug|Any CPU
		Release|Any CPU = Release|Any CPU
	EndGlobalSection
	GlobalSection(ProjectConfigurationPlatforms) = postSolution
		{CD029205-E1E5-4223-B0FC-253DE3B51168}.Debug|Any CPU.ActiveCfg = Debug|Any CPU
		{CD029205-E1E5-4223-B0FC-253DE3B51168}.Debug|Any CPU.Build.0 = Debug|Any CPU
		{CD029205-E1E5-4223-B0FC-253DE3B51168}.Release|Any CPU.ActiveCfg = Release|Any CPU
		{CD029205-E1E5-4223-B0FC-253DE3B51168}.Release|Any CPU.Build.0 = Release|Any CPU
	EndGlobalSection
	GlobalSection(SolutionProperties) = preSolution
		HideSolutionNode = FALSE
	EndGlobalSection
	GlobalSection(ExtensibilityGlobals) = postSolution
		SolutionGuid = {DD93879D-2F82-44F2-9E82-AC86BADB6334}
	EndGlobalSection
EndGlobal
